// !$*UTF8*$!
{
	archiveVersion = 1;
	classes = {
	};
	objectVersion = 55;
	objects = {

/* Begin PBXBuildFile section */
		1D4C06E62860563600E2E9D6 /* OnboardingViewController.swift in Sources */ = {isa = PBXBuildFile; fileRef = 1D4C06E52860563600E2E9D6 /* OnboardingViewController.swift */; };
		1D4C06EA28605B6600E2E9D6 /* OnboardingScreen.storyboard in Resources */ = {isa = PBXBuildFile; fileRef = 1D4C06E928605B6600E2E9D6 /* OnboardingScreen.storyboard */; };
		1D4C06FC286067C700E2E9D6 /* NunitoSans-LightItalic.ttf in Resources */ = {isa = PBXBuildFile; fileRef = 1D4C06ED286067C700E2E9D6 /* NunitoSans-LightItalic.ttf */; };
		1D4C06FD286067C700E2E9D6 /* NunitoSans-BoldItalic.ttf in Resources */ = {isa = PBXBuildFile; fileRef = 1D4C06EE286067C700E2E9D6 /* NunitoSans-BoldItalic.ttf */; };
		1D4C06FE286067C700E2E9D6 /* NunitoSans-ExtraLight.ttf in Resources */ = {isa = PBXBuildFile; fileRef = 1D4C06EF286067C700E2E9D6 /* NunitoSans-ExtraLight.ttf */; };
		1D4C06FF286067C700E2E9D6 /* NunitoSans-Light.ttf in Resources */ = {isa = PBXBuildFile; fileRef = 1D4C06F0286067C700E2E9D6 /* NunitoSans-Light.ttf */; };
		1D4C0700286067C700E2E9D6 /* NunitoSans-BlackItalic.ttf in Resources */ = {isa = PBXBuildFile; fileRef = 1D4C06F1286067C700E2E9D6 /* NunitoSans-BlackItalic.ttf */; };
		1D4C0701286067C700E2E9D6 /* NunitoSans-ExtraBold.ttf in Resources */ = {isa = PBXBuildFile; fileRef = 1D4C06F2286067C700E2E9D6 /* NunitoSans-ExtraBold.ttf */; };
		1D4C0702286067C700E2E9D6 /* NunitoSans-Regular.ttf in Resources */ = {isa = PBXBuildFile; fileRef = 1D4C06F3286067C700E2E9D6 /* NunitoSans-Regular.ttf */; };
		1D4C0703286067C700E2E9D6 /* NunitoSans-SemiBoldItalic.ttf in Resources */ = {isa = PBXBuildFile; fileRef = 1D4C06F4286067C700E2E9D6 /* NunitoSans-SemiBoldItalic.ttf */; };
		1D4C0704286067C700E2E9D6 /* NunitoSans-Italic.ttf in Resources */ = {isa = PBXBuildFile; fileRef = 1D4C06F5286067C700E2E9D6 /* NunitoSans-Italic.ttf */; };
		1D4C0705286067C700E2E9D6 /* OFL.txt in Resources */ = {isa = PBXBuildFile; fileRef = 1D4C06F6286067C700E2E9D6 /* OFL.txt */; };
		1D4C0706286067C700E2E9D6 /* NunitoSans-Bold.ttf in Resources */ = {isa = PBXBuildFile; fileRef = 1D4C06F7286067C700E2E9D6 /* NunitoSans-Bold.ttf */; };
		1D4C0707286067C700E2E9D6 /* NunitoSans-SemiBold.ttf in Resources */ = {isa = PBXBuildFile; fileRef = 1D4C06F8286067C700E2E9D6 /* NunitoSans-SemiBold.ttf */; };
		1D4C0708286067C700E2E9D6 /* NunitoSans-Black.ttf in Resources */ = {isa = PBXBuildFile; fileRef = 1D4C06F9286067C700E2E9D6 /* NunitoSans-Black.ttf */; };
		1D4C0709286067C700E2E9D6 /* NunitoSans-ExtraBoldItalic.ttf in Resources */ = {isa = PBXBuildFile; fileRef = 1D4C06FA286067C700E2E9D6 /* NunitoSans-ExtraBoldItalic.ttf */; };
		1D4C070A286067C700E2E9D6 /* NunitoSans-ExtraLightItalic.ttf in Resources */ = {isa = PBXBuildFile; fileRef = 1D4C06FB286067C700E2E9D6 /* NunitoSans-ExtraLightItalic.ttf */; };
		1D4C0712286067D500E2E9D6 /* TypeMates  CeraRoundProLight.otf in Resources */ = {isa = PBXBuildFile; fileRef = 1D4C070C286067D500E2E9D6 /* TypeMates  CeraRoundProLight.otf */; };
		1D4C0713286067D500E2E9D6 /* TypeMates  CeraRoundProThin.otf in Resources */ = {isa = PBXBuildFile; fileRef = 1D4C070D286067D500E2E9D6 /* TypeMates  CeraRoundProThin.otf */; };
		1D4C0714286067D500E2E9D6 /* TypeMates  CeraRoundProRegular.otf in Resources */ = {isa = PBXBuildFile; fileRef = 1D4C070E286067D500E2E9D6 /* TypeMates  CeraRoundProRegular.otf */; };
		1D4C0715286067D500E2E9D6 /* TypeMates  CeraRoundProMedium.otf in Resources */ = {isa = PBXBuildFile; fileRef = 1D4C070F286067D500E2E9D6 /* TypeMates  CeraRoundProMedium.otf */; };
		1D4C0716286067D500E2E9D6 /* TypeMates  CeraRoundProBlack.otf in Resources */ = {isa = PBXBuildFile; fileRef = 1D4C0710286067D500E2E9D6 /* TypeMates  CeraRoundProBlack.otf */; };
		1D4C0717286067D500E2E9D6 /* TypeMates  Cera Round Pro Bold.otf in Resources */ = {isa = PBXBuildFile; fileRef = 1D4C0711286067D500E2E9D6 /* TypeMates  Cera Round Pro Bold.otf */; };
		1D4C071A2860969500E2E9D6 /* OnboardingSlide.swift in Sources */ = {isa = PBXBuildFile; fileRef = 1D4C07192860969500E2E9D6 /* OnboardingSlide.swift */; };
		1D4C071C2860A27600E2E9D6 /* OnboardingCollectionViewCell.swift in Sources */ = {isa = PBXBuildFile; fileRef = 1D4C071B2860A27600E2E9D6 /* OnboardingCollectionViewCell.swift */; };
		1D4C07202864569200E2E9D6 /* InputIncome.storyboard in Resources */ = {isa = PBXBuildFile; fileRef = 1D4C071F2864569200E2E9D6 /* InputIncome.storyboard */; };
		1D4C0722286456DB00E2E9D6 /* InputIncomeViewController.swift in Sources */ = {isa = PBXBuildFile; fileRef = 1D4C0721286456DB00E2E9D6 /* InputIncomeViewController.swift */; };
		1DCA247A28699ADB0094FD20 /* InputExpenseViewController.swift in Sources */ = {isa = PBXBuildFile; fileRef = 1DCA247928699ADB0094FD20 /* InputExpenseViewController.swift */; };
		6787C3FF2853445D00BDBDCD /* AppDelegate.swift in Sources */ = {isa = PBXBuildFile; fileRef = 6787C3FE2853445D00BDBDCD /* AppDelegate.swift */; };
		6787C4012853445D00BDBDCD /* SceneDelegate.swift in Sources */ = {isa = PBXBuildFile; fileRef = 6787C4002853445D00BDBDCD /* SceneDelegate.swift */; };
		6787C4032853445D00BDBDCD /* ViewController.swift in Sources */ = {isa = PBXBuildFile; fileRef = 6787C4022853445D00BDBDCD /* ViewController.swift */; };
		6787C4062853445D00BDBDCD /* Main.storyboard in Resources */ = {isa = PBXBuildFile; fileRef = 6787C4042853445D00BDBDCD /* Main.storyboard */; };
		6787C4092853445D00BDBDCD /* Mini_Challenge_2_Team_16.xcdatamodeld in Sources */ = {isa = PBXBuildFile; fileRef = 6787C4072853445D00BDBDCD /* Mini_Challenge_2_Team_16.xcdatamodeld */; };
		6787C40B2853445E00BDBDCD /* Assets.xcassets in Resources */ = {isa = PBXBuildFile; fileRef = 6787C40A2853445E00BDBDCD /* Assets.xcassets */; };
		6787C40E2853445E00BDBDCD /* LaunchScreen.storyboard in Resources */ = {isa = PBXBuildFile; fileRef = 6787C40C2853445E00BDBDCD /* LaunchScreen.storyboard */; };
		67FC2AC62863370E001729BB /* HomeViewController.swift in Sources */ = {isa = PBXBuildFile; fileRef = 67FC2AC42863370E001729BB /* HomeViewController.swift */; };
		67FC2AC72863370E001729BB /* HomeViewController.xib in Resources */ = {isa = PBXBuildFile; fileRef = 67FC2AC52863370E001729BB /* HomeViewController.xib */; };
		67FC2ACE28633F83001729BB /* FirstRowTableViewCell.swift in Sources */ = {isa = PBXBuildFile; fileRef = 67FC2ACC28633F83001729BB /* FirstRowTableViewCell.swift */; };
		67FC2ACF28633F83001729BB /* FirstRowTableViewCell.xib in Resources */ = {isa = PBXBuildFile; fileRef = 67FC2ACD28633F83001729BB /* FirstRowTableViewCell.xib */; };
		67FC2ADA28645463001729BB /* SecondRowTableViewCell.swift in Sources */ = {isa = PBXBuildFile; fileRef = 67FC2AD828645463001729BB /* SecondRowTableViewCell.swift */; };
		67FC2ADB28645463001729BB /* SecondRowTableViewCell.xib in Resources */ = {isa = PBXBuildFile; fileRef = 67FC2AD928645463001729BB /* SecondRowTableViewCell.xib */; };
		67FC2ADE28659CA9001729BB /* ThirdRowTableViewCell.swift in Sources */ = {isa = PBXBuildFile; fileRef = 67FC2ADC28659CA9001729BB /* ThirdRowTableViewCell.swift */; };
		67FC2ADF28659CA9001729BB /* ThirdRowTableViewCell.xib in Resources */ = {isa = PBXBuildFile; fileRef = 67FC2ADD28659CA9001729BB /* ThirdRowTableViewCell.xib */; };
		67FC2AE42865AA09001729BB /* FourthRowTableViewCell.swift in Sources */ = {isa = PBXBuildFile; fileRef = 67FC2AE22865AA09001729BB /* FourthRowTableViewCell.swift */; };
		67FC2AE52865AA09001729BB /* FourthRowTableViewCell.xib in Resources */ = {isa = PBXBuildFile; fileRef = 67FC2AE32865AA09001729BB /* FourthRowTableViewCell.xib */; };
		67FC2AE82865AC3A001729BB /* GoalsCollectionViewCell.swift in Sources */ = {isa = PBXBuildFile; fileRef = 67FC2AE62865AC3A001729BB /* GoalsCollectionViewCell.swift */; };
		A22AFBD52862E18F00EE6CDC /* Journal.swift in Sources */ = {isa = PBXBuildFile; fileRef = A22AFBD42862E18F00EE6CDC /* Journal.swift */; };
		A22AFBD92864208B00EE6CDC /* JournalTableViewCell.swift in Sources */ = {isa = PBXBuildFile; fileRef = A22AFBD72864208B00EE6CDC /* JournalTableViewCell.swift */; };
		A22AFBDA2864208B00EE6CDC /* JournalTableViewCell.xib in Resources */ = {isa = PBXBuildFile; fileRef = A22AFBD82864208B00EE6CDC /* JournalTableViewCell.xib */; };
		A22AFBDC28643ECA00EE6CDC /* JournalHeaderView.swift in Sources */ = {isa = PBXBuildFile; fileRef = A22AFBDB28643ECA00EE6CDC /* JournalHeaderView.swift */; };
		A22AFBDE2865B3D000EE6CDC /* StaticValues.swift in Sources */ = {isa = PBXBuildFile; fileRef = A22AFBDD2865B3D000EE6CDC /* StaticValues.swift */; };
		A22AFBE12865CD4000EE6CDC /* Mission.storyboard in Resources */ = {isa = PBXBuildFile; fileRef = A22AFBE02865CD4000EE6CDC /* Mission.storyboard */; };
		A22AFBE42865D3E900EE6CDC /* MissionCollectionViewCell.swift in Sources */ = {isa = PBXBuildFile; fileRef = A22AFBE22865D3E900EE6CDC /* MissionCollectionViewCell.swift */; };
		A22AFBE52865D3E900EE6CDC /* MissionCollectionViewCell.xib in Resources */ = {isa = PBXBuildFile; fileRef = A22AFBE32865D3E900EE6CDC /* MissionCollectionViewCell.xib */; };
		A22AFBE72869681000EE6CDC /* Mission.swift in Sources */ = {isa = PBXBuildFile; fileRef = A22AFBE62869681000EE6CDC /* Mission.swift */; };
		A29DCA71286062E600D67F77 /* TabBarViewController.swift in Sources */ = {isa = PBXBuildFile; fileRef = A29DCA70286062E600D67F77 /* TabBarViewController.swift */; };
		A29DCA732860632600D67F77 /* OverviewViewController.swift in Sources */ = {isa = PBXBuildFile; fileRef = A29DCA722860632600D67F77 /* OverviewViewController.swift */; };
		A29DCA752860646000D67F77 /* JournalViewController.swift in Sources */ = {isa = PBXBuildFile; fileRef = A29DCA742860646000D67F77 /* JournalViewController.swift */; };
		A29DCA772860647D00D67F77 /* MissionViewController.swift in Sources */ = {isa = PBXBuildFile; fileRef = A29DCA762860647D00D67F77 /* MissionViewController.swift */; };
		A29DCA7A28606A0300D67F77 /* Journal.storyboard in Resources */ = {isa = PBXBuildFile; fileRef = A29DCA7928606A0300D67F77 /* Journal.storyboard */; };
		F6C4123C2861D4C500949181 /* InputNameViewController.swift in Sources */ = {isa = PBXBuildFile; fileRef = F6C4123B2861D4C500949181 /* InputNameViewController.swift */; };
		F6C4123E2861D51000949181 /* InputGoalViewController.swift in Sources */ = {isa = PBXBuildFile; fileRef = F6C4123D2861D51000949181 /* InputGoalViewController.swift */; };
		F6C412402861D55C00949181 /* InputStartingBalanceViewController.swift in Sources */ = {isa = PBXBuildFile; fileRef = F6C4123F2861D55C00949181 /* InputStartingBalanceViewController.swift */; };
		F6D745772860887C0062DF61 /* OnboardingInputScreen.storyboard in Resources */ = {isa = PBXBuildFile; fileRef = F6D745762860887C0062DF61 /* OnboardingInputScreen.storyboard */; };
		F6D7458128608A270062DF61 /* OnboardingInputViewController.swift in Sources */ = {isa = PBXBuildFile; fileRef = F6D7458028608A270062DF61 /* OnboardingInputViewController.swift */; };
/* End PBXBuildFile section */

/* Begin PBXFileReference section */
		1D4C06E52860563600E2E9D6 /* OnboardingViewController.swift */ = {isa = PBXFileReference; lastKnownFileType = sourcecode.swift; path = OnboardingViewController.swift; sourceTree = "<group>"; };
		1D4C06E928605B6600E2E9D6 /* OnboardingScreen.storyboard */ = {isa = PBXFileReference; lastKnownFileType = file.storyboard; path = OnboardingScreen.storyboard; sourceTree = "<group>"; };
		1D4C06ED286067C700E2E9D6 /* NunitoSans-LightItalic.ttf */ = {isa = PBXFileReference; lastKnownFileType = file; path = "NunitoSans-LightItalic.ttf"; sourceTree = "<group>"; };
		1D4C06EE286067C700E2E9D6 /* NunitoSans-BoldItalic.ttf */ = {isa = PBXFileReference; lastKnownFileType = file; path = "NunitoSans-BoldItalic.ttf"; sourceTree = "<group>"; };
		1D4C06EF286067C700E2E9D6 /* NunitoSans-ExtraLight.ttf */ = {isa = PBXFileReference; lastKnownFileType = file; path = "NunitoSans-ExtraLight.ttf"; sourceTree = "<group>"; };
		1D4C06F0286067C700E2E9D6 /* NunitoSans-Light.ttf */ = {isa = PBXFileReference; lastKnownFileType = file; path = "NunitoSans-Light.ttf"; sourceTree = "<group>"; };
		1D4C06F1286067C700E2E9D6 /* NunitoSans-BlackItalic.ttf */ = {isa = PBXFileReference; lastKnownFileType = file; path = "NunitoSans-BlackItalic.ttf"; sourceTree = "<group>"; };
		1D4C06F2286067C700E2E9D6 /* NunitoSans-ExtraBold.ttf */ = {isa = PBXFileReference; lastKnownFileType = file; path = "NunitoSans-ExtraBold.ttf"; sourceTree = "<group>"; };
		1D4C06F3286067C700E2E9D6 /* NunitoSans-Regular.ttf */ = {isa = PBXFileReference; lastKnownFileType = file; path = "NunitoSans-Regular.ttf"; sourceTree = "<group>"; };
		1D4C06F4286067C700E2E9D6 /* NunitoSans-SemiBoldItalic.ttf */ = {isa = PBXFileReference; lastKnownFileType = file; path = "NunitoSans-SemiBoldItalic.ttf"; sourceTree = "<group>"; };
		1D4C06F5286067C700E2E9D6 /* NunitoSans-Italic.ttf */ = {isa = PBXFileReference; lastKnownFileType = file; path = "NunitoSans-Italic.ttf"; sourceTree = "<group>"; };
		1D4C06F6286067C700E2E9D6 /* OFL.txt */ = {isa = PBXFileReference; fileEncoding = 4; lastKnownFileType = text; path = OFL.txt; sourceTree = "<group>"; };
		1D4C06F7286067C700E2E9D6 /* NunitoSans-Bold.ttf */ = {isa = PBXFileReference; lastKnownFileType = file; path = "NunitoSans-Bold.ttf"; sourceTree = "<group>"; };
		1D4C06F8286067C700E2E9D6 /* NunitoSans-SemiBold.ttf */ = {isa = PBXFileReference; lastKnownFileType = file; path = "NunitoSans-SemiBold.ttf"; sourceTree = "<group>"; };
		1D4C06F9286067C700E2E9D6 /* NunitoSans-Black.ttf */ = {isa = PBXFileReference; lastKnownFileType = file; path = "NunitoSans-Black.ttf"; sourceTree = "<group>"; };
		1D4C06FA286067C700E2E9D6 /* NunitoSans-ExtraBoldItalic.ttf */ = {isa = PBXFileReference; lastKnownFileType = file; path = "NunitoSans-ExtraBoldItalic.ttf"; sourceTree = "<group>"; };
		1D4C06FB286067C700E2E9D6 /* NunitoSans-ExtraLightItalic.ttf */ = {isa = PBXFileReference; lastKnownFileType = file; path = "NunitoSans-ExtraLightItalic.ttf"; sourceTree = "<group>"; };
		1D4C070C286067D500E2E9D6 /* TypeMates  CeraRoundProLight.otf */ = {isa = PBXFileReference; lastKnownFileType = file; path = "TypeMates  CeraRoundProLight.otf"; sourceTree = "<group>"; };
		1D4C070D286067D500E2E9D6 /* TypeMates  CeraRoundProThin.otf */ = {isa = PBXFileReference; lastKnownFileType = file; path = "TypeMates  CeraRoundProThin.otf"; sourceTree = "<group>"; };
		1D4C070E286067D500E2E9D6 /* TypeMates  CeraRoundProRegular.otf */ = {isa = PBXFileReference; lastKnownFileType = file; path = "TypeMates  CeraRoundProRegular.otf"; sourceTree = "<group>"; };
		1D4C070F286067D500E2E9D6 /* TypeMates  CeraRoundProMedium.otf */ = {isa = PBXFileReference; lastKnownFileType = file; path = "TypeMates  CeraRoundProMedium.otf"; sourceTree = "<group>"; };
		1D4C0710286067D500E2E9D6 /* TypeMates  CeraRoundProBlack.otf */ = {isa = PBXFileReference; lastKnownFileType = file; path = "TypeMates  CeraRoundProBlack.otf"; sourceTree = "<group>"; };
		1D4C0711286067D500E2E9D6 /* TypeMates  Cera Round Pro Bold.otf */ = {isa = PBXFileReference; lastKnownFileType = file; path = "TypeMates  Cera Round Pro Bold.otf"; sourceTree = "<group>"; };
		1D4C07192860969500E2E9D6 /* OnboardingSlide.swift */ = {isa = PBXFileReference; lastKnownFileType = sourcecode.swift; path = OnboardingSlide.swift; sourceTree = "<group>"; };
		1D4C071B2860A27600E2E9D6 /* OnboardingCollectionViewCell.swift */ = {isa = PBXFileReference; lastKnownFileType = sourcecode.swift; path = OnboardingCollectionViewCell.swift; sourceTree = "<group>"; };
		1D4C071F2864569200E2E9D6 /* InputIncome.storyboard */ = {isa = PBXFileReference; lastKnownFileType = file.storyboard; path = InputIncome.storyboard; sourceTree = "<group>"; };
		1D4C0721286456DB00E2E9D6 /* InputIncomeViewController.swift */ = {isa = PBXFileReference; lastKnownFileType = sourcecode.swift; path = InputIncomeViewController.swift; sourceTree = "<group>"; };
		1DCA247928699ADB0094FD20 /* InputExpenseViewController.swift */ = {isa = PBXFileReference; lastKnownFileType = sourcecode.swift; path = InputExpenseViewController.swift; sourceTree = "<group>"; };
		6787C3FB2853445D00BDBDCD /* Mini Challenge 2 Team 16.app */ = {isa = PBXFileReference; explicitFileType = wrapper.application; includeInIndex = 0; path = "Mini Challenge 2 Team 16.app"; sourceTree = BUILT_PRODUCTS_DIR; };
		6787C3FE2853445D00BDBDCD /* AppDelegate.swift */ = {isa = PBXFileReference; lastKnownFileType = sourcecode.swift; path = AppDelegate.swift; sourceTree = "<group>"; };
		6787C4002853445D00BDBDCD /* SceneDelegate.swift */ = {isa = PBXFileReference; lastKnownFileType = sourcecode.swift; path = SceneDelegate.swift; sourceTree = "<group>"; };
		6787C4022853445D00BDBDCD /* ViewController.swift */ = {isa = PBXFileReference; lastKnownFileType = sourcecode.swift; path = ViewController.swift; sourceTree = "<group>"; };
		6787C4052853445D00BDBDCD /* Base */ = {isa = PBXFileReference; lastKnownFileType = file.storyboard; name = Base; path = Base.lproj/Main.storyboard; sourceTree = "<group>"; };
		6787C4082853445D00BDBDCD /* Mini_Challenge_2_Team_16.xcdatamodel */ = {isa = PBXFileReference; lastKnownFileType = wrapper.xcdatamodel; path = Mini_Challenge_2_Team_16.xcdatamodel; sourceTree = "<group>"; };
		6787C40A2853445E00BDBDCD /* Assets.xcassets */ = {isa = PBXFileReference; lastKnownFileType = folder.assetcatalog; path = Assets.xcassets; sourceTree = "<group>"; };
		6787C40D2853445E00BDBDCD /* Base */ = {isa = PBXFileReference; lastKnownFileType = file.storyboard; name = Base; path = Base.lproj/LaunchScreen.storyboard; sourceTree = "<group>"; };
		6787C40F2853445E00BDBDCD /* Info.plist */ = {isa = PBXFileReference; lastKnownFileType = text.plist.xml; path = Info.plist; sourceTree = "<group>"; };
		67FC2AC42863370E001729BB /* HomeViewController.swift */ = {isa = PBXFileReference; lastKnownFileType = sourcecode.swift; path = HomeViewController.swift; sourceTree = "<group>"; };
		67FC2AC52863370E001729BB /* HomeViewController.xib */ = {isa = PBXFileReference; lastKnownFileType = file.xib; path = HomeViewController.xib; sourceTree = "<group>"; };
		67FC2ACC28633F83001729BB /* FirstRowTableViewCell.swift */ = {isa = PBXFileReference; lastKnownFileType = sourcecode.swift; path = FirstRowTableViewCell.swift; sourceTree = "<group>"; };
		67FC2ACD28633F83001729BB /* FirstRowTableViewCell.xib */ = {isa = PBXFileReference; lastKnownFileType = file.xib; path = FirstRowTableViewCell.xib; sourceTree = "<group>"; };
		67FC2AD828645463001729BB /* SecondRowTableViewCell.swift */ = {isa = PBXFileReference; lastKnownFileType = sourcecode.swift; path = SecondRowTableViewCell.swift; sourceTree = "<group>"; };
		67FC2AD928645463001729BB /* SecondRowTableViewCell.xib */ = {isa = PBXFileReference; lastKnownFileType = file.xib; path = SecondRowTableViewCell.xib; sourceTree = "<group>"; };
		67FC2ADC28659CA9001729BB /* ThirdRowTableViewCell.swift */ = {isa = PBXFileReference; lastKnownFileType = sourcecode.swift; path = ThirdRowTableViewCell.swift; sourceTree = "<group>"; };
		67FC2ADD28659CA9001729BB /* ThirdRowTableViewCell.xib */ = {isa = PBXFileReference; lastKnownFileType = file.xib; path = ThirdRowTableViewCell.xib; sourceTree = "<group>"; };
		67FC2AE22865AA09001729BB /* FourthRowTableViewCell.swift */ = {isa = PBXFileReference; lastKnownFileType = sourcecode.swift; path = FourthRowTableViewCell.swift; sourceTree = "<group>"; };
		67FC2AE32865AA09001729BB /* FourthRowTableViewCell.xib */ = {isa = PBXFileReference; lastKnownFileType = file.xib; path = FourthRowTableViewCell.xib; sourceTree = "<group>"; };
		67FC2AE62865AC3A001729BB /* GoalsCollectionViewCell.swift */ = {isa = PBXFileReference; lastKnownFileType = sourcecode.swift; path = GoalsCollectionViewCell.swift; sourceTree = "<group>"; };
		A22AFBD42862E18F00EE6CDC /* Journal.swift */ = {isa = PBXFileReference; lastKnownFileType = sourcecode.swift; path = Journal.swift; sourceTree = "<group>"; };
		A22AFBD72864208B00EE6CDC /* JournalTableViewCell.swift */ = {isa = PBXFileReference; lastKnownFileType = sourcecode.swift; path = JournalTableViewCell.swift; sourceTree = "<group>"; };
		A22AFBD82864208B00EE6CDC /* JournalTableViewCell.xib */ = {isa = PBXFileReference; lastKnownFileType = file.xib; path = JournalTableViewCell.xib; sourceTree = "<group>"; };
		A22AFBDB28643ECA00EE6CDC /* JournalHeaderView.swift */ = {isa = PBXFileReference; lastKnownFileType = sourcecode.swift; path = JournalHeaderView.swift; sourceTree = "<group>"; };
		A22AFBDD2865B3D000EE6CDC /* StaticValues.swift */ = {isa = PBXFileReference; lastKnownFileType = sourcecode.swift; path = StaticValues.swift; sourceTree = "<group>"; };
		A22AFBE02865CD4000EE6CDC /* Mission.storyboard */ = {isa = PBXFileReference; lastKnownFileType = file.storyboard; path = Mission.storyboard; sourceTree = "<group>"; };
		A22AFBE22865D3E900EE6CDC /* MissionCollectionViewCell.swift */ = {isa = PBXFileReference; lastKnownFileType = sourcecode.swift; path = MissionCollectionViewCell.swift; sourceTree = "<group>"; };
		A22AFBE32865D3E900EE6CDC /* MissionCollectionViewCell.xib */ = {isa = PBXFileReference; lastKnownFileType = file.xib; path = MissionCollectionViewCell.xib; sourceTree = "<group>"; };
		A22AFBE62869681000EE6CDC /* Mission.swift */ = {isa = PBXFileReference; lastKnownFileType = sourcecode.swift; path = Mission.swift; sourceTree = "<group>"; };
		A29DCA70286062E600D67F77 /* TabBarViewController.swift */ = {isa = PBXFileReference; lastKnownFileType = sourcecode.swift; path = TabBarViewController.swift; sourceTree = "<group>"; };
		A29DCA722860632600D67F77 /* OverviewViewController.swift */ = {isa = PBXFileReference; lastKnownFileType = sourcecode.swift; path = OverviewViewController.swift; sourceTree = "<group>"; };
		A29DCA742860646000D67F77 /* JournalViewController.swift */ = {isa = PBXFileReference; lastKnownFileType = sourcecode.swift; path = JournalViewController.swift; sourceTree = "<group>"; };
		A29DCA762860647D00D67F77 /* MissionViewController.swift */ = {isa = PBXFileReference; lastKnownFileType = sourcecode.swift; path = MissionViewController.swift; sourceTree = "<group>"; };
		A29DCA7928606A0300D67F77 /* Journal.storyboard */ = {isa = PBXFileReference; lastKnownFileType = file.storyboard; path = Journal.storyboard; sourceTree = "<group>"; };
		F6B1FE6A28659E01008D97D8 /* Mini Challenge 2 Team 16.entitlements */ = {isa = PBXFileReference; lastKnownFileType = text.plist.entitlements; path = "Mini Challenge 2 Team 16.entitlements"; sourceTree = "<group>"; };
		F6C4123B2861D4C500949181 /* InputNameViewController.swift */ = {isa = PBXFileReference; lastKnownFileType = sourcecode.swift; path = InputNameViewController.swift; sourceTree = "<group>"; };
		F6C4123D2861D51000949181 /* InputGoalViewController.swift */ = {isa = PBXFileReference; lastKnownFileType = sourcecode.swift; path = InputGoalViewController.swift; sourceTree = "<group>"; };
		F6C4123F2861D55C00949181 /* InputStartingBalanceViewController.swift */ = {isa = PBXFileReference; lastKnownFileType = sourcecode.swift; path = InputStartingBalanceViewController.swift; sourceTree = "<group>"; };
		F6D745762860887C0062DF61 /* OnboardingInputScreen.storyboard */ = {isa = PBXFileReference; lastKnownFileType = file.storyboard; path = OnboardingInputScreen.storyboard; sourceTree = "<group>"; };
		F6D7458028608A270062DF61 /* OnboardingInputViewController.swift */ = {isa = PBXFileReference; lastKnownFileType = sourcecode.swift; path = OnboardingInputViewController.swift; sourceTree = "<group>"; };
/* End PBXFileReference section */

/* Begin PBXFrameworksBuildPhase section */
		6787C3F82853445D00BDBDCD /* Frameworks */ = {
			isa = PBXFrameworksBuildPhase;
			buildActionMask = 2147483647;
			files = (
			);
			runOnlyForDeploymentPostprocessing = 0;
		};
/* End PBXFrameworksBuildPhase section */

/* Begin PBXGroup section */
		1D4C06E2286055EF00E2E9D6 /* Onboarding */ = {
			isa = PBXGroup;
			children = (
				1D4C06E52860563600E2E9D6 /* OnboardingViewController.swift */,
				1D4C06E928605B6600E2E9D6 /* OnboardingScreen.storyboard */,
				1D4C071B2860A27600E2E9D6 /* OnboardingCollectionViewCell.swift */,
			);
			path = Onboarding;
			sourceTree = "<group>";
		};
		1D4C06EB286067A400E2E9D6 /* CustomFonts */ = {
			isa = PBXGroup;
			children = (
				1D4C070B286067D500E2E9D6 /* cera-round-pro-cufonfonts */,
				1D4C06EC286067C700E2E9D6 /* Nunito_Sans */,
			);
			path = CustomFonts;
			sourceTree = "<group>";
		};
		1D4C06EC286067C700E2E9D6 /* Nunito_Sans */ = {
			isa = PBXGroup;
			children = (
				1D4C06ED286067C700E2E9D6 /* NunitoSans-LightItalic.ttf */,
				1D4C06EE286067C700E2E9D6 /* NunitoSans-BoldItalic.ttf */,
				1D4C06EF286067C700E2E9D6 /* NunitoSans-ExtraLight.ttf */,
				1D4C06F0286067C700E2E9D6 /* NunitoSans-Light.ttf */,
				1D4C06F1286067C700E2E9D6 /* NunitoSans-BlackItalic.ttf */,
				1D4C06F2286067C700E2E9D6 /* NunitoSans-ExtraBold.ttf */,
				1D4C06F3286067C700E2E9D6 /* NunitoSans-Regular.ttf */,
				1D4C06F4286067C700E2E9D6 /* NunitoSans-SemiBoldItalic.ttf */,
				1D4C06F5286067C700E2E9D6 /* NunitoSans-Italic.ttf */,
				1D4C06F6286067C700E2E9D6 /* OFL.txt */,
				1D4C06F7286067C700E2E9D6 /* NunitoSans-Bold.ttf */,
				1D4C06F8286067C700E2E9D6 /* NunitoSans-SemiBold.ttf */,
				1D4C06F9286067C700E2E9D6 /* NunitoSans-Black.ttf */,
				1D4C06FA286067C700E2E9D6 /* NunitoSans-ExtraBoldItalic.ttf */,
				1D4C06FB286067C700E2E9D6 /* NunitoSans-ExtraLightItalic.ttf */,
			);
			path = Nunito_Sans;
			sourceTree = "<group>";
		};
		1D4C070B286067D500E2E9D6 /* cera-round-pro-cufonfonts */ = {
			isa = PBXGroup;
			children = (
				1D4C070C286067D500E2E9D6 /* TypeMates  CeraRoundProLight.otf */,
				1D4C070D286067D500E2E9D6 /* TypeMates  CeraRoundProThin.otf */,
				1D4C070E286067D500E2E9D6 /* TypeMates  CeraRoundProRegular.otf */,
				1D4C070F286067D500E2E9D6 /* TypeMates  CeraRoundProMedium.otf */,
				1D4C0710286067D500E2E9D6 /* TypeMates  CeraRoundProBlack.otf */,
				1D4C0711286067D500E2E9D6 /* TypeMates  Cera Round Pro Bold.otf */,
			);
			path = "cera-round-pro-cufonfonts";
			sourceTree = "<group>";
		};
		1D4C0718286082E800E2E9D6 /* Models */ = {
			isa = PBXGroup;
			children = (
				1D4C07192860969500E2E9D6 /* OnboardingSlide.swift */,
				A22AFBD42862E18F00EE6CDC /* Journal.swift */,
				A22AFBE62869681000EE6CDC /* Mission.swift */,
			);
			path = Models;
			sourceTree = "<group>";
		};
		1D4C071E2864559C00E2E9D6 /* InputIncome */ = {
			isa = PBXGroup;
			children = (
				1D4C071F2864569200E2E9D6 /* InputIncome.storyboard */,
				1D4C0721286456DB00E2E9D6 /* InputIncomeViewController.swift */,
				1DCA247928699ADB0094FD20 /* InputExpenseViewController.swift */,
			);
			path = InputIncome;
			sourceTree = "<group>";
		};
		6787C3F22853445D00BDBDCD = {
			isa = PBXGroup;
			children = (
				6787C3FD2853445D00BDBDCD /* Mini Challenge 2 Team 16 */,
				6787C3FC2853445D00BDBDCD /* Products */,
			);
			sourceTree = "<group>";
		};
		6787C3FC2853445D00BDBDCD /* Products */ = {
			isa = PBXGroup;
			children = (
				6787C3FB2853445D00BDBDCD /* Mini Challenge 2 Team 16.app */,
			);
			name = Products;
			sourceTree = "<group>";
		};
		6787C3FD2853445D00BDBDCD /* Mini Challenge 2 Team 16 */ = {
			isa = PBXGroup;
			children = (
				67FC2ABF286334B1001729BB /* Home */,
				A22AFBDF2865CC6600EE6CDC /* Mission */,
				A22AFBD62862E26A00EE6CDC /* Journal */,
				F6B1FE6A28659E01008D97D8 /* Mini Challenge 2 Team 16.entitlements */,
				F6D745732860880A0062DF61 /* OnboardingInput */,
				1D4C071E2864559C00E2E9D6 /* InputIncome */,
				1D4C0718286082E800E2E9D6 /* Models */,
				1D4C06EB286067A400E2E9D6 /* CustomFonts */,
				1D4C06E2286055EF00E2E9D6 /* Onboarding */,
				6787C3FE2853445D00BDBDCD /* AppDelegate.swift */,
				6787C4002853445D00BDBDCD /* SceneDelegate.swift */,
				6787C4022853445D00BDBDCD /* ViewController.swift */,
				6787C4042853445D00BDBDCD /* Main.storyboard */,
				6787C40A2853445E00BDBDCD /* Assets.xcassets */,
				6787C40C2853445E00BDBDCD /* LaunchScreen.storyboard */,
				6787C40F2853445E00BDBDCD /* Info.plist */,
				6787C4072853445D00BDBDCD /* Mini_Challenge_2_Team_16.xcdatamodeld */,
				A29DCA70286062E600D67F77 /* TabBarViewController.swift */,
				A29DCA722860632600D67F77 /* OverviewViewController.swift */,
				A22AFBDD2865B3D000EE6CDC /* StaticValues.swift */,
			);
			path = "Mini Challenge 2 Team 16";
			sourceTree = "<group>";
		};
		67FC2ABF286334B1001729BB /* Home */ = {
			isa = PBXGroup;
			children = (
				67FC2AC42863370E001729BB /* HomeViewController.swift */,
				67FC2AC52863370E001729BB /* HomeViewController.xib */,
				67FC2ACC28633F83001729BB /* FirstRowTableViewCell.swift */,
				67FC2ACD28633F83001729BB /* FirstRowTableViewCell.xib */,
				67FC2AD828645463001729BB /* SecondRowTableViewCell.swift */,
				67FC2AD928645463001729BB /* SecondRowTableViewCell.xib */,
				67FC2ADC28659CA9001729BB /* ThirdRowTableViewCell.swift */,
				67FC2ADD28659CA9001729BB /* ThirdRowTableViewCell.xib */,
				67FC2AE22865AA09001729BB /* FourthRowTableViewCell.swift */,
				67FC2AE32865AA09001729BB /* FourthRowTableViewCell.xib */,
				67FC2AE62865AC3A001729BB /* GoalsCollectionViewCell.swift */,
			);
			path = Home;
			sourceTree = "<group>";
		};
		A22AFBD62862E26A00EE6CDC /* Journal */ = {
			isa = PBXGroup;
			children = (
				A29DCA742860646000D67F77 /* JournalViewController.swift */,
				A29DCA7928606A0300D67F77 /* Journal.storyboard */,
				A22AFBD72864208B00EE6CDC /* JournalTableViewCell.swift */,
				A22AFBD82864208B00EE6CDC /* JournalTableViewCell.xib */,
				A22AFBDB28643ECA00EE6CDC /* JournalHeaderView.swift */,
			);
			path = Journal;
			sourceTree = "<group>";
		};
		A22AFBDF2865CC6600EE6CDC /* Mission */ = {
			isa = PBXGroup;
			children = (
				A29DCA762860647D00D67F77 /* MissionViewController.swift */,
				A22AFBE02865CD4000EE6CDC /* Mission.storyboard */,
				A22AFBE22865D3E900EE6CDC /* MissionCollectionViewCell.swift */,
				A22AFBE32865D3E900EE6CDC /* MissionCollectionViewCell.xib */,
			);
			path = Mission;
			sourceTree = "<group>";
		};
		F6D745732860880A0062DF61 /* OnboardingInput */ = {
			isa = PBXGroup;
			children = (
				F6D745762860887C0062DF61 /* OnboardingInputScreen.storyboard */,
				F6D7458028608A270062DF61 /* OnboardingInputViewController.swift */,
				F6C4123B2861D4C500949181 /* InputNameViewController.swift */,
				F6C4123D2861D51000949181 /* InputGoalViewController.swift */,
				F6C4123F2861D55C00949181 /* InputStartingBalanceViewController.swift */,
			);
			path = OnboardingInput;
			sourceTree = "<group>";
		};
/* End PBXGroup section */

/* Begin PBXNativeTarget section */
		6787C3FA2853445D00BDBDCD /* Mini Challenge 2 Team 16 */ = {
			isa = PBXNativeTarget;
			buildConfigurationList = 6787C4122853445E00BDBDCD /* Build configuration list for PBXNativeTarget "Mini Challenge 2 Team 16" */;
			buildPhases = (
				6787C3F72853445D00BDBDCD /* Sources */,
				6787C3F82853445D00BDBDCD /* Frameworks */,
				6787C3F92853445D00BDBDCD /* Resources */,
			);
			buildRules = (
			);
			dependencies = (
			);
			name = "Mini Challenge 2 Team 16";
			productName = "Mini Challenge 2 Team 16";
			productReference = 6787C3FB2853445D00BDBDCD /* Mini Challenge 2 Team 16.app */;
			productType = "com.apple.product-type.application";
		};
/* End PBXNativeTarget section */

/* Begin PBXProject section */
		6787C3F32853445D00BDBDCD /* Project object */ = {
			isa = PBXProject;
			attributes = {
				BuildIndependentTargetsInParallel = 1;
				LastSwiftUpdateCheck = 1330;
				LastUpgradeCheck = 1330;
				TargetAttributes = {
					6787C3FA2853445D00BDBDCD = {
						CreatedOnToolsVersion = 13.3;
					};
				};
			};
			buildConfigurationList = 6787C3F62853445D00BDBDCD /* Build configuration list for PBXProject "Mini Challenge 2 Team 16" */;
			compatibilityVersion = "Xcode 13.0";
			developmentRegion = en;
			hasScannedForEncodings = 0;
			knownRegions = (
				en,
				Base,
			);
			mainGroup = 6787C3F22853445D00BDBDCD;
			productRefGroup = 6787C3FC2853445D00BDBDCD /* Products */;
			projectDirPath = "";
			projectRoot = "";
			targets = (
				6787C3FA2853445D00BDBDCD /* Mini Challenge 2 Team 16 */,
			);
		};
/* End PBXProject section */

/* Begin PBXResourcesBuildPhase section */
		6787C3F92853445D00BDBDCD /* Resources */ = {
			isa = PBXResourcesBuildPhase;
			buildActionMask = 2147483647;
			files = (
				A22AFBDA2864208B00EE6CDC /* JournalTableViewCell.xib in Resources */,
				A29DCA7A28606A0300D67F77 /* Journal.storyboard in Resources */,
				1D4C0715286067D500E2E9D6 /* TypeMates  CeraRoundProMedium.otf in Resources */,
				1D4C0713286067D500E2E9D6 /* TypeMates  CeraRoundProThin.otf in Resources */,
				1D4C0705286067C700E2E9D6 /* OFL.txt in Resources */,
				1D4C0707286067C700E2E9D6 /* NunitoSans-SemiBold.ttf in Resources */,
				1D4C070A286067C700E2E9D6 /* NunitoSans-ExtraLightItalic.ttf in Resources */,
				1D4C0701286067C700E2E9D6 /* NunitoSans-ExtraBold.ttf in Resources */,
				1D4C0704286067C700E2E9D6 /* NunitoSans-Italic.ttf in Resources */,
				1D4C0706286067C700E2E9D6 /* NunitoSans-Bold.ttf in Resources */,
				1D4C0717286067D500E2E9D6 /* TypeMates  Cera Round Pro Bold.otf in Resources */,
				A22AFBE52865D3E900EE6CDC /* MissionCollectionViewCell.xib in Resources */,
				6787C40E2853445E00BDBDCD /* LaunchScreen.storyboard in Resources */,
				67FC2ADB28645463001729BB /* SecondRowTableViewCell.xib in Resources */,
				1D4C06FD286067C700E2E9D6 /* NunitoSans-BoldItalic.ttf in Resources */,
				67FC2AE52865AA09001729BB /* FourthRowTableViewCell.xib in Resources */,
				1D4C06EA28605B6600E2E9D6 /* OnboardingScreen.storyboard in Resources */,
				6787C40B2853445E00BDBDCD /* Assets.xcassets in Resources */,
				A22AFBE12865CD4000EE6CDC /* Mission.storyboard in Resources */,
				1D4C0703286067C700E2E9D6 /* NunitoSans-SemiBoldItalic.ttf in Resources */,
				1D4C0709286067C700E2E9D6 /* NunitoSans-ExtraBoldItalic.ttf in Resources */,
				1D4C0702286067C700E2E9D6 /* NunitoSans-Regular.ttf in Resources */,
				67FC2ACF28633F83001729BB /* FirstRowTableViewCell.xib in Resources */,
				67FC2AC72863370E001729BB /* HomeViewController.xib in Resources */,
				6787C4062853445D00BDBDCD /* Main.storyboard in Resources */,
				1D4C0716286067D500E2E9D6 /* TypeMates  CeraRoundProBlack.otf in Resources */,
				1D4C0714286067D500E2E9D6 /* TypeMates  CeraRoundProRegular.otf in Resources */,
				1D4C07202864569200E2E9D6 /* InputIncome.storyboard in Resources */,
				1D4C0712286067D500E2E9D6 /* TypeMates  CeraRoundProLight.otf in Resources */,
				67FC2ADF28659CA9001729BB /* ThirdRowTableViewCell.xib in Resources */,
				F6D745772860887C0062DF61 /* OnboardingInputScreen.storyboard in Resources */,
				1D4C06FC286067C700E2E9D6 /* NunitoSans-LightItalic.ttf in Resources */,
				1D4C06FE286067C700E2E9D6 /* NunitoSans-ExtraLight.ttf in Resources */,
				1D4C0708286067C700E2E9D6 /* NunitoSans-Black.ttf in Resources */,
				1D4C0700286067C700E2E9D6 /* NunitoSans-BlackItalic.ttf in Resources */,
				1D4C06FF286067C700E2E9D6 /* NunitoSans-Light.ttf in Resources */,
			);
			runOnlyForDeploymentPostprocessing = 0;
		};
/* End PBXResourcesBuildPhase section */

/* Begin PBXSourcesBuildPhase section */
		6787C3F72853445D00BDBDCD /* Sources */ = {
			isa = PBXSourcesBuildPhase;
			buildActionMask = 2147483647;
			files = (
				1D4C0722286456DB00E2E9D6 /* InputIncomeViewController.swift in Sources */,
				A29DCA752860646000D67F77 /* JournalViewController.swift in Sources */,
				F6D7458128608A270062DF61 /* OnboardingInputViewController.swift in Sources */,
				6787C4032853445D00BDBDCD /* ViewController.swift in Sources */,
				67FC2ADA28645463001729BB /* SecondRowTableViewCell.swift in Sources */,
				A22AFBD92864208B00EE6CDC /* JournalTableViewCell.swift in Sources */,
				A22AFBE42865D3E900EE6CDC /* MissionCollectionViewCell.swift in Sources */,
				F6C4123E2861D51000949181 /* InputGoalViewController.swift in Sources */,
				6787C4092853445D00BDBDCD /* Mini_Challenge_2_Team_16.xcdatamodeld in Sources */,
				1DCA247A28699ADB0094FD20 /* InputExpenseViewController.swift in Sources */,
				A29DCA772860647D00D67F77 /* MissionViewController.swift in Sources */,
				67FC2ACE28633F83001729BB /* FirstRowTableViewCell.swift in Sources */,
				A29DCA732860632600D67F77 /* OverviewViewController.swift in Sources */,
				1D4C06E62860563600E2E9D6 /* OnboardingViewController.swift in Sources */,
				A22AFBDC28643ECA00EE6CDC /* JournalHeaderView.swift in Sources */,
				F6C412402861D55C00949181 /* InputStartingBalanceViewController.swift in Sources */,
				F6C4123C2861D4C500949181 /* InputNameViewController.swift in Sources */,
				6787C3FF2853445D00BDBDCD /* AppDelegate.swift in Sources */,
				67FC2AE82865AC3A001729BB /* GoalsCollectionViewCell.swift in Sources */,
				A22AFBDE2865B3D000EE6CDC /* StaticValues.swift in Sources */,
				A29DCA71286062E600D67F77 /* TabBarViewController.swift in Sources */,
				67FC2AE42865AA09001729BB /* FourthRowTableViewCell.swift in Sources */,
				67FC2ADE28659CA9001729BB /* ThirdRowTableViewCell.swift in Sources */,
				1D4C071A2860969500E2E9D6 /* OnboardingSlide.swift in Sources */,
				A22AFBE72869681000EE6CDC /* Mission.swift in Sources */,
				1D4C071C2860A27600E2E9D6 /* OnboardingCollectionViewCell.swift in Sources */,
				6787C4012853445D00BDBDCD /* SceneDelegate.swift in Sources */,
				A22AFBD52862E18F00EE6CDC /* Journal.swift in Sources */,
				67FC2AC62863370E001729BB /* HomeViewController.swift in Sources */,
			);
			runOnlyForDeploymentPostprocessing = 0;
		};
/* End PBXSourcesBuildPhase section */

/* Begin PBXVariantGroup section */
		6787C4042853445D00BDBDCD /* Main.storyboard */ = {
			isa = PBXVariantGroup;
			children = (
				6787C4052853445D00BDBDCD /* Base */,
			);
			name = Main.storyboard;
			sourceTree = "<group>";
		};
		6787C40C2853445E00BDBDCD /* LaunchScreen.storyboard */ = {
			isa = PBXVariantGroup;
			children = (
				6787C40D2853445E00BDBDCD /* Base */,
			);
			name = LaunchScreen.storyboard;
			sourceTree = "<group>";
		};
/* End PBXVariantGroup section */

/* Begin XCBuildConfiguration section */
		6787C4102853445E00BDBDCD /* Debug */ = {
			isa = XCBuildConfiguration;
			buildSettings = {
				ALWAYS_SEARCH_USER_PATHS = NO;
				CLANG_ANALYZER_NONNULL = YES;
				CLANG_ANALYZER_NUMBER_OBJECT_CONVERSION = YES_AGGRESSIVE;
				CLANG_CXX_LANGUAGE_STANDARD = "gnu++17";
				CLANG_ENABLE_MODULES = YES;
				CLANG_ENABLE_OBJC_ARC = YES;
				CLANG_ENABLE_OBJC_WEAK = YES;
				CLANG_WARN_BLOCK_CAPTURE_AUTORELEASING = YES;
				CLANG_WARN_BOOL_CONVERSION = YES;
				CLANG_WARN_COMMA = YES;
				CLANG_WARN_CONSTANT_CONVERSION = YES;
				CLANG_WARN_DEPRECATED_OBJC_IMPLEMENTATIONS = YES;
				CLANG_WARN_DIRECT_OBJC_ISA_USAGE = YES_ERROR;
				CLANG_WARN_DOCUMENTATION_COMMENTS = YES;
				CLANG_WARN_EMPTY_BODY = YES;
				CLANG_WARN_ENUM_CONVERSION = YES;
				CLANG_WARN_INFINITE_RECURSION = YES;
				CLANG_WARN_INT_CONVERSION = YES;
				CLANG_WARN_NON_LITERAL_NULL_CONVERSION = YES;
				CLANG_WARN_OBJC_IMPLICIT_RETAIN_SELF = YES;
				CLANG_WARN_OBJC_LITERAL_CONVERSION = YES;
				CLANG_WARN_OBJC_ROOT_CLASS = YES_ERROR;
				CLANG_WARN_QUOTED_INCLUDE_IN_FRAMEWORK_HEADER = YES;
				CLANG_WARN_RANGE_LOOP_ANALYSIS = YES;
				CLANG_WARN_STRICT_PROTOTYPES = YES;
				CLANG_WARN_SUSPICIOUS_MOVE = YES;
				CLANG_WARN_UNGUARDED_AVAILABILITY = YES_AGGRESSIVE;
				CLANG_WARN_UNREACHABLE_CODE = YES;
				CLANG_WARN__DUPLICATE_METHOD_MATCH = YES;
				COPY_PHASE_STRIP = NO;
				DEBUG_INFORMATION_FORMAT = dwarf;
				ENABLE_STRICT_OBJC_MSGSEND = YES;
				ENABLE_TESTABILITY = YES;
				GCC_C_LANGUAGE_STANDARD = gnu11;
				GCC_DYNAMIC_NO_PIC = NO;
				GCC_NO_COMMON_BLOCKS = YES;
				GCC_OPTIMIZATION_LEVEL = 0;
				GCC_PREPROCESSOR_DEFINITIONS = (
					"DEBUG=1",
					"$(inherited)",
				);
				GCC_WARN_64_TO_32_BIT_CONVERSION = YES;
				GCC_WARN_ABOUT_RETURN_TYPE = YES_ERROR;
				GCC_WARN_UNDECLARED_SELECTOR = YES;
				GCC_WARN_UNINITIALIZED_AUTOS = YES_AGGRESSIVE;
				GCC_WARN_UNUSED_FUNCTION = YES;
				GCC_WARN_UNUSED_VARIABLE = YES;
				IPHONEOS_DEPLOYMENT_TARGET = 15.4;
				MTL_ENABLE_DEBUG_INFO = INCLUDE_SOURCE;
				MTL_FAST_MATH = YES;
				ONLY_ACTIVE_ARCH = YES;
				SDKROOT = iphoneos;
				SWIFT_ACTIVE_COMPILATION_CONDITIONS = DEBUG;
				SWIFT_OPTIMIZATION_LEVEL = "-Onone";
			};
			name = Debug;
		};
		6787C4112853445E00BDBDCD /* Release */ = {
			isa = XCBuildConfiguration;
			buildSettings = {
				ALWAYS_SEARCH_USER_PATHS = NO;
				CLANG_ANALYZER_NONNULL = YES;
				CLANG_ANALYZER_NUMBER_OBJECT_CONVERSION = YES_AGGRESSIVE;
				CLANG_CXX_LANGUAGE_STANDARD = "gnu++17";
				CLANG_ENABLE_MODULES = YES;
				CLANG_ENABLE_OBJC_ARC = YES;
				CLANG_ENABLE_OBJC_WEAK = YES;
				CLANG_WARN_BLOCK_CAPTURE_AUTORELEASING = YES;
				CLANG_WARN_BOOL_CONVERSION = YES;
				CLANG_WARN_COMMA = YES;
				CLANG_WARN_CONSTANT_CONVERSION = YES;
				CLANG_WARN_DEPRECATED_OBJC_IMPLEMENTATIONS = YES;
				CLANG_WARN_DIRECT_OBJC_ISA_USAGE = YES_ERROR;
				CLANG_WARN_DOCUMENTATION_COMMENTS = YES;
				CLANG_WARN_EMPTY_BODY = YES;
				CLANG_WARN_ENUM_CONVERSION = YES;
				CLANG_WARN_INFINITE_RECURSION = YES;
				CLANG_WARN_INT_CONVERSION = YES;
				CLANG_WARN_NON_LITERAL_NULL_CONVERSION = YES;
				CLANG_WARN_OBJC_IMPLICIT_RETAIN_SELF = YES;
				CLANG_WARN_OBJC_LITERAL_CONVERSION = YES;
				CLANG_WARN_OBJC_ROOT_CLASS = YES_ERROR;
				CLANG_WARN_QUOTED_INCLUDE_IN_FRAMEWORK_HEADER = YES;
				CLANG_WARN_RANGE_LOOP_ANALYSIS = YES;
				CLANG_WARN_STRICT_PROTOTYPES = YES;
				CLANG_WARN_SUSPICIOUS_MOVE = YES;
				CLANG_WARN_UNGUARDED_AVAILABILITY = YES_AGGRESSIVE;
				CLANG_WARN_UNREACHABLE_CODE = YES;
				CLANG_WARN__DUPLICATE_METHOD_MATCH = YES;
				COPY_PHASE_STRIP = NO;
				DEBUG_INFORMATION_FORMAT = "dwarf-with-dsym";
				ENABLE_NS_ASSERTIONS = NO;
				ENABLE_STRICT_OBJC_MSGSEND = YES;
				GCC_C_LANGUAGE_STANDARD = gnu11;
				GCC_NO_COMMON_BLOCKS = YES;
				GCC_WARN_64_TO_32_BIT_CONVERSION = YES;
				GCC_WARN_ABOUT_RETURN_TYPE = YES_ERROR;
				GCC_WARN_UNDECLARED_SELECTOR = YES;
				GCC_WARN_UNINITIALIZED_AUTOS = YES_AGGRESSIVE;
				GCC_WARN_UNUSED_FUNCTION = YES;
				GCC_WARN_UNUSED_VARIABLE = YES;
				IPHONEOS_DEPLOYMENT_TARGET = 15.4;
				MTL_ENABLE_DEBUG_INFO = NO;
				MTL_FAST_MATH = YES;
				SDKROOT = iphoneos;
				SWIFT_COMPILATION_MODE = wholemodule;
				SWIFT_OPTIMIZATION_LEVEL = "-O";
				VALIDATE_PRODUCT = YES;
			};
			name = Release;
		};
		6787C4132853445E00BDBDCD /* Debug */ = {
			isa = XCBuildConfiguration;
			buildSettings = {
				ASSETCATALOG_COMPILER_APPICON_NAME = AppIcon;
				ASSETCATALOG_COMPILER_GLOBAL_ACCENT_COLOR_NAME = AccentColor;
				CODE_SIGN_ENTITLEMENTS = "";
				CODE_SIGN_STYLE = Automatic;
				CURRENT_PROJECT_VERSION = 1;
				DEVELOPMENT_TEAM = FD4B7DH8HN;
				GENERATE_INFOPLIST_FILE = YES;
				INFOPLIST_FILE = "Mini Challenge 2 Team 16/Info.plist";
				INFOPLIST_KEY_UIApplicationSupportsIndirectInputEvents = YES;
				INFOPLIST_KEY_UILaunchStoryboardName = LaunchScreen;
				INFOPLIST_KEY_UIMainStoryboardFile = OnboardingScreen;
				INFOPLIST_KEY_UISupportedInterfaceOrientations_iPad = "UIInterfaceOrientationPortrait UIInterfaceOrientationPortraitUpsideDown UIInterfaceOrientationLandscapeLeft UIInterfaceOrientationLandscapeRight";
				INFOPLIST_KEY_UISupportedInterfaceOrientations_iPhone = "UIInterfaceOrientationPortrait UIInterfaceOrientationLandscapeLeft UIInterfaceOrientationLandscapeRight";
				IPHONEOS_DEPLOYMENT_TARGET = 15.3;
				LD_RUNPATH_SEARCH_PATHS = (
					"$(inherited)",
					"@executable_path/Frameworks",
				);
				MARKETING_VERSION = 1.0;
				PRODUCT_BUNDLE_IDENTIFIER = "com.ilham.Mini-Challenge-2-Team-16";
				PRODUCT_NAME = "$(TARGET_NAME)";
				SWIFT_EMIT_LOC_STRINGS = YES;
				SWIFT_VERSION = 5.0;
				TARGETED_DEVICE_FAMILY = "1,2";
			};
			name = Debug;
		};
		6787C4142853445E00BDBDCD /* Release */ = {
			isa = XCBuildConfiguration;
			buildSettings = {
				ASSETCATALOG_COMPILER_APPICON_NAME = AppIcon;
				ASSETCATALOG_COMPILER_GLOBAL_ACCENT_COLOR_NAME = AccentColor;
				CODE_SIGN_ENTITLEMENTS = "";
				CODE_SIGN_STYLE = Automatic;
				CURRENT_PROJECT_VERSION = 1;
				DEVELOPMENT_TEAM = FD4B7DH8HN;
				GENERATE_INFOPLIST_FILE = YES;
				INFOPLIST_FILE = "Mini Challenge 2 Team 16/Info.plist";
				INFOPLIST_KEY_UIApplicationSupportsIndirectInputEvents = YES;
				INFOPLIST_KEY_UILaunchStoryboardName = LaunchScreen;
				INFOPLIST_KEY_UIMainStoryboardFile = OnboardingScreen;
				INFOPLIST_KEY_UISupportedInterfaceOrientations_iPad = "UIInterfaceOrientationPortrait UIInterfaceOrientationPortraitUpsideDown UIInterfaceOrientationLandscapeLeft UIInterfaceOrientationLandscapeRight";
				INFOPLIST_KEY_UISupportedInterfaceOrientations_iPhone = "UIInterfaceOrientationPortrait UIInterfaceOrientationLandscapeLeft UIInterfaceOrientationLandscapeRight";
				IPHONEOS_DEPLOYMENT_TARGET = 15.3;
				LD_RUNPATH_SEARCH_PATHS = (
					"$(inherited)",
					"@executable_path/Frameworks",
				);
				MARKETING_VERSION = 1.0;
				PRODUCT_BUNDLE_IDENTIFIER = "com.ilham.Mini-Challenge-2-Team-16";
				PRODUCT_NAME = "$(TARGET_NAME)";
				SWIFT_EMIT_LOC_STRINGS = YES;
				SWIFT_VERSION = 5.0;
				TARGETED_DEVICE_FAMILY = "1,2";
			};
			name = Release;
		};
/* End XCBuildConfiguration section */

/* Begin XCConfigurationList section */
		6787C3F62853445D00BDBDCD /* Build configuration list for PBXProject "Mini Challenge 2 Team 16" */ = {
			isa = XCConfigurationList;
			buildConfigurations = (
				6787C4102853445E00BDBDCD /* Debug */,
				6787C4112853445E00BDBDCD /* Release */,
			);
			defaultConfigurationIsVisible = 0;
			defaultConfigurationName = Release;
		};
		6787C4122853445E00BDBDCD /* Build configuration list for PBXNativeTarget "Mini Challenge 2 Team 16" */ = {
			isa = XCConfigurationList;
			buildConfigurations = (
				6787C4132853445E00BDBDCD /* Debug */,
				6787C4142853445E00BDBDCD /* Release */,
			);
			defaultConfigurationIsVisible = 0;
			defaultConfigurationName = Release;
		};
/* End XCConfigurationList section */

/* Begin XCVersionGroup section */
		6787C4072853445D00BDBDCD /* Mini_Challenge_2_Team_16.xcdatamodeld */ = {
			isa = XCVersionGroup;
			children = (
				6787C4082853445D00BDBDCD /* Mini_Challenge_2_Team_16.xcdatamodel */,
			);
			currentVersion = 6787C4082853445D00BDBDCD /* Mini_Challenge_2_Team_16.xcdatamodel */;
			path = Mini_Challenge_2_Team_16.xcdatamodeld;
			sourceTree = "<group>";
			versionGroupType = wrapper.xcdatamodel;
		};
/* End XCVersionGroup section */
	};
	rootObject = 6787C3F32853445D00BDBDCD /* Project object */;
}
